
Microsoft Visual Studio Solution File, Format Version 12.00
# Visual Studio Version 17
VisualStudioVersion = 17.8.34322.80
MinimumVisualStudioVersion = 10.0.40219.1
Project("{FAE04EC0-301F-11D3-BF4B-00C04F79EFBC}") = "BookStore", "BookStore\BookStore.csproj", "{A9E88CBA-8226-406C-9E9A-6344F9F967EB}"
EndProject
Global
	GlobalSection(SolutionConfigurationPlatforms) = preSolution
		Debug|Any CPU = Debug|Any CPU
		Release|Any CPU = Release|Any CPU
	EndGlobalSection
	GlobalSection(ProjectConfigurationPlatforms) = postSolution
		{A9E88CBA-8226-406C-9E9A-6344F9F967EB}.Debug|Any CPU.ActiveCfg = Debug|Any CPU
		{A9E88CBA-8226-406C-9E9A-6344F9F967EB}.Debug|Any CPU.Build.0 = Debug|Any CPU
		{A9E88CBA-8226-406C-9E9A-6344F9F967EB}.Release|Any CPU.ActiveCfg = Release|Any CPU
		{A9E88CBA-8226-406C-9E9A-6344F9F967EB}.Release|Any CPU.Build.0 = Release|Any CPU
	EndGlobalSection
	GlobalSection(SolutionProperties) = preSolution
		HideSolutionNode = FALSE
	EndGlobalSection
	GlobalSection(ExtensibilityGlobals) = postSolution
		SolutionGuid = {058FE70A-92ED-40C6-8E54-48282AD545D8}
	EndGlobalSection
EndGlobal
